github.com/lestrrat-3d/r3 v0.0.0-20260821113634-7a3a113a44b0 h1:SjMkj+u+g6soS1x/u4JuuSdQeDPDsDbbCRWdr6GP+SY=
github.com/lestrrat-3d/r3 v0.0.0-20260821113634-7a3a113a44b0/go.mod h1:zcgeCBpWc5FB+e9qXYcpjjqurzJZtkPQtp39NUZX7BE=
github.com/lestrrat-3d/sketch v0.0.0-20260903060311-995f70ba836c h1:0h+4G1b3Po3LuW1Atbi3vtexQxgyYcgJ8fFcydjUvc8=
github.com/lestrrat-3d/sketch v0.0.0-20260903060311-995f70ba836c/go.mod h1:Ml6PuB7aS+nGVQLLzmNY6MnTLdVRZUNocZtrtNtkVo8=
github.com/lestrrat-3d/units v0.0.0-20260713004850-5816412456f9 h1:6VAyt//MI8Vc8/SNpGOrL2//HpTDm4dfX+mDPRjR1eM=
github.com/lestrrat-3d/units v0.0.0-20260713004850-5816412456f9/go.mod h1:43cmeVRCRWndV+h2v92CZxlEvGWNfMYv5/KHFFUThKI=
github.com/lestrrat-go/option/v3 v3.0.0-alpha1 h1:dvdzLwm/Ba5CJUF3jQP7w/iNYSLfy7yyh9XXNa1WjxI=
github.com/lestrrat-go/option/v3 v3.0.0-alpha1/go.mod h1:5KSg20dfsKkNJtjDmaQRLZVXuUrzuCCcz/gbDK0pfKk=
github.com/stretchr/testify v1.12.1 h1:EuwCh5fleGS7H32xRwO3wRGT7DxrDhLAT6FF8MpWDWE=
github.com/stretchr/testify v1.12.1/go.mod h1:MDEgiDPPsNp5cuIrHPPCyornHKgEVbtFUmoNlxoYthg=
go.yaml.in/yaml/v3 v3.0.5 h1:N6y/pJk8buWs9NY5ERU2HSMfm+IuD/OtfdAnq6kESPw=
go.yaml.in/yaml/v3 v3.0.5/go.mod h1:HVTZu1O7/Vkt2N+BFy8Zza+lnLsABggaTM2ZpNIGuKg=
